
Microsoft Visual Studio Solution File, Format Version 12.00
# Visual Studio Version 16
VisualStudioVersion = 16.0.29509.3
MinimumVisualStudioVersion = 10.0.40219.1
Project("{FAE04EC0-301F-11D3-BF4B-00C04F79EFBC}") = "SpaceShip", "SpaceShip\SpaceShip.csproj", "{309CEF47-C31C-4993-9079-AA2B53ED4A0E}"
EndProject
Project("{FAE04EC0-301F-11D3-BF4B-00C04F79EFBC}") = "CargoService", "CargoService\CargoService.csproj", "{4E4BD3DD-C986-4D94-B7AA-A11087912DD5}"
EndProject
Global
	GlobalSection(SolutionConfigurationPlatforms) = preSolution
		Debug|Any CPU = Debug|Any CPU
		Release|Any CPU = Release|Any CPU
	EndGlobalSection
	GlobalSection(ProjectConfigurationPlatforms) = postSolution
		{309CEF47-C31C-4993-9079-AA2B53ED4A0E}.Debug|Any CPU.ActiveCfg = Debug|Any CPU
		{309CEF47-C31C-4993-9079-AA2B53ED4A0E}.Debug|Any CPU.Build.0 = Debug|Any CPU
		{309CEF47-C31C-4993-9079-AA2B53ED4A0E}.Release|Any CPU.ActiveCfg = Release|Any CPU
		{309CEF47-C31C-4993-9079-AA2B53ED4A0E}.Release|Any CPU.Build.0 = Release|Any CPU
		{4E4BD3DD-C986-4D94-B7AA-A11087912DD5}.Debug|Any CPU.ActiveCfg = Debug|Any CPU
		{4E4BD3DD-C986-4D94-B7AA-A11087912DD5}.Debug|Any CPU.Build.0 = Debug|Any CPU
		{4E4BD3DD-C986-4D94-B7AA-A11087912DD5}.Release|Any CPU.ActiveCfg = Release|Any CPU
		{4E4BD3DD-C986-4D94-B7AA-A11087912DD5}.Release|Any CPU.Build.0 = Release|Any CPU
	EndGlobalSection
	GlobalSection(SolutionProperties) = preSolution
		HideSolutionNode = FALSE
	EndGlobalSection
	GlobalSection(ExtensibilityGlobals) = postSolution
		SolutionGuid = {6D28131F-E824-44F8-921F-863BD9F8A459}
	EndGlobalSection
EndGlobal
